
Microsoft Visual Studio Solution File, Format Version 12.00
# Visual Studio Version 16
VisualStudioVersion = 16.0.29519.181
MinimumVisualStudioVersion = 10.0.40219.1
Project("{FAE04EC0-301F-11D3-BF4B-00C04F79EFBC}") = "Departments_and_Employees", "Departments_and_Employees\Departments_and_Employees.csproj", "{26503562-F92C-4DE9-9EA3-B094761A4625}"
EndProject
Global
	GlobalSection(SolutionConfigurationPlatforms) = preSolution
		Debug|Any CPU = Debug|Any CPU
		Release|Any CPU = Release|Any CPU
	EndGlobalSection
	GlobalSection(ProjectConfigurationPlatforms) = postSolution
		{26503562-F92C-4DE9-9EA3-B094761A4625}.Debug|Any CPU.ActiveCfg = Debug|Any CPU
		{26503562-F92C-4DE9-9EA3-B094761A4625}.Debug|Any CPU.Build.0 = Debug|Any CPU
		{26503562-F92C-4DE9-9EA3-B094761A4625}.Release|Any CPU.ActiveCfg = Release|Any CPU
		{26503562-F92C-4DE9-9EA3-B094761A4625}.Release|Any CPU.Build.0 = Release|Any CPU
	EndGlobalSection
	GlobalSection(SolutionProperties) = preSolution
		HideSolutionNode = FALSE
	EndGlobalSection
	GlobalSection(ExtensibilityGlobals) = postSolution
		SolutionGuid = {9EA03CDD-067D-4FFA-8C3B-9EFEE064848B}
	EndGlobalSection
EndGlobal
